
Microsoft Visual Studio Solution File, Format Version 12.00
# Visual Studio 2012
Project("{FAE04EC0-301F-11D3-BF4B-00C04F79EFBC}") = "CPPCheckPlugin", "CPPCheckPlugin\CPPCheckPlugin.csproj", "{47946420-6C85-44FA-9E95-8FB46ADAC152}"
EndProject
Global
	GlobalSection(SolutionConfigurationPlatforms) = preSolution
		Debug|Any CPU = Debug|Any CPU
		Release|Any CPU = Release|Any CPU
	EndGlobalSection
	GlobalSection(ProjectConfigurationPlatforms) = postSolution
		{47946420-6C85-44FA-9E95-8FB46ADAC152}.Debug|Any CPU.ActiveCfg = Debug|Any CPU
		{47946420-6C85-44FA-9E95-8FB46ADAC152}.Debug|Any CPU.Build.0 = Debug|Any CPU
		{47946420-6C85-44FA-9E95-8FB46ADAC152}.Release|Any CPU.ActiveCfg = Release|Any CPU
		{47946420-6C85-44FA-9E95-8FB46ADAC152}.Release|Any CPU.Build.0 = Release|Any CPU
	EndGlobalSection
	GlobalSection(SolutionProperties) = preSolution
		HideSolutionNode = FALSE
	EndGlobalSection
EndGlobal
